
Microsoft Visual Studio Solution File, Format Version 12.00
# Visual Studio Version 17
VisualStudioVersion = 17.9.34728.123
MinimumVisualStudioVersion = 10.0.40219.1
Project("{FAE04EC0-301F-11D3-BF4B-00C04F79EFBC}") = "BookShoppingCartMvcUI", "BookShoppingCartMvcUI\BookShoppingCartMvcUI.csproj", "{153552C0-17DB-4ED2-A0C6-54ECE3A598E5}"
EndProject
Global
	GlobalSection(SolutionConfigurationPlatforms) = preSolution
		Debug|Any CPU = Debug|Any CPU
		Release|Any CPU = Release|Any CPU
	EndGlobalSection
	GlobalSection(ProjectConfigurationPlatforms) = postSolution
		{153552C0-17DB-4ED2-A0C6-54ECE3A598E5}.Debug|Any CPU.ActiveCfg = Debug|Any CPU
		{153552C0-17DB-4ED2-A0C6-54ECE3A598E5}.Debug|Any CPU.Build.0 = Debug|Any CPU
		{153552C0-17DB-4ED2-A0C6-54ECE3A598E5}.Release|Any CPU.ActiveCfg = Release|Any CPU
		{153552C0-17DB-4ED2-A0C6-54ECE3A598E5}.Release|Any CPU.Build.0 = Release|Any CPU
	EndGlobalSection
	GlobalSection(SolutionProperties) = preSolution
		HideSolutionNode = FALSE
	EndGlobalSection
	GlobalSection(ExtensibilityGlobals) = postSolution
		SolutionGuid = {87EBCE77-5DC4-40BF-B63D-1A3B6B8E3637}
	EndGlobalSection
EndGlobal
